# THIS IS AN AUTOGENERATED FILE. DO NOT EDIT THIS FILE DIRECTLY.
# yarn lockfile v1


"@rails/actiontext@^8.0.200":
  version "8.1.100"
  resolved "https://registry.yarnpkg.com/@rails/actiontext/-/actiontext-8.1.100.tgz#206688f9989c57afa5908e6d1b09302fe00fdfde"
  integrity sha512-gnLK1HgGCmmVGY40hCiAJ4RwGALwRmiRzqyht6fiM/hrQnul278CqCg9jwV2IQOo7+jMbktGx2O9luGUzayQIA==
  dependencies:
    "@rails/activestorage" ">= 8.1.0-alpha"

"@rails/activestorage@>= 8.1.0-alpha":
  version "8.1.100"
  resolved "https://registry.yarnpkg.com/@rails/activestorage/-/activestorage-8.1.100.tgz#8814545349eaf824ea7a528b33f7bae0867584c9"
  integrity sha512-rlZg23KYT7JFYXl1tj1WD9nm/yvtUvZT6pzNMVX+HaOjPyGq8xpEv1ADrrhawkbMktKxRj3xDVZ3d/qy0akHvw==
  dependencies:
    spark-md5 "^3.0.1"

"@types/trusted-types@^2.0.7":
  version "2.0.7"
  resolved "https://registry.yarnpkg.com/@types/trusted-types/-/trusted-types-2.0.7.tgz#baccb07a970b91707df3a3e8ba6896c57ead2d11"
  integrity sha512-ScaPdn1dQczgbl0QFTeTOmVHFULt394XJgOQNoyVhZ6r2vLnMLJfBPd53SB52T/3G36VI1/g2MZaX0cwDuXsfw==

daisyui@^5.0.0:
  version "5.5.5"
  resolved "https://registry.yarnpkg.com/daisyui/-/daisyui-5.5.5.tgz#900ae8a83fc46fbf7db02b0230988d5801c56d74"
  integrity sha512-ekvI93ZkWIJoCOtDl0D2QMxnWvTejk9V5nWBqRv+7t0xjiBXqAK5U6o6JE2RPvlIC3EqwNyUoIZSdHX9MZK3nw==

dompurify@^3.2.5:
  version "3.3.0"
  resolved "https://registry.yarnpkg.com/dompurify/-/dompurify-3.3.0.tgz#aaaadbb83d87e1c2fbb066452416359e5b62ec97"
  integrity sha512-r+f6MYR1gGN1eJv0TVQbhA7if/U7P87cdPl3HN5rikqaBSBxLiCb/b9O+2eG0cxz0ghyU+mU1QkbsOwERMYlWQ==
  optionalDependencies:
    "@types/trusted-types" "^2.0.7"

spark-md5@^3.0.1:
  version "3.0.2"
  resolved "https://registry.yarnpkg.com/spark-md5/-/spark-md5-3.0.2.tgz#7952c4a30784347abcee73268e473b9c0167e3fc"
  integrity sha512-wcFzz9cDfbuqe0FZzfi2or1sgyIrsDwmPwfZC4hiNidPdPINjeUwNfv5kldczoEAcjl9Y1L3SM7Uz2PUEQzxQw==

trix@^2.1.15:
  version "2.1.15"
  resolved "https://registry.yarnpkg.com/trix/-/trix-2.1.15.tgz#fabad796ea779a8ae96522402fbc214cbfc4015f"
  integrity sha512-LoaXWczdTUV8+3Box92B9b1iaDVbxD14dYemZRxi3PwY+AuDm97BUJV2aHLBUFPuDABhxp0wzcbf0CxHCVmXiw==
  dependencies:
    dompurify "^3.2.5"
