# This file is generated by running "yarn install" inside your project.
# Manual changes might be lost - proceed with caution!

__metadata:
  version: 8
  cacheKey: 10c0

"daisyui@npm:^5.0.43":
  version: 5.0.43
  resolution: "daisyui@npm:5.0.43"
  checksum: 10c0/c493eaf699677729d204558aa08d9d80329e80371d32e044fa635b53ffd29c80a87c270aa82b3535e0b25af89c0ab8ba4fec255bf026046ccf3c9018ffcb347e
  languageName: node
  linkType: hard

"root-workspace-0b6124@workspace:.":
  version: 0.0.0-use.local
  resolution: "root-workspace-0b6124@workspace:."
  dependencies:
    daisyui: "npm:^5.0.43"
  languageName: unknown
  linkType: soft
