# This file is generated by running "yarn install" inside your project.
# Manual changes might be lost - proceed with caution!

__metadata:
  version: 8
  cacheKey: 10c0

"@rails/actiontext@npm:^8.0.200":
  version: 8.0.200
  resolution: "@rails/actiontext@npm:8.0.200"
  dependencies:
    "@rails/activestorage": "npm:>= 8.0.0-alpha"
  peerDependencies:
    trix: ^2.0.0
  checksum: 10c0/6a3ab58587cf3b8b3a4a0bed0df446b18b97fb995a71f12a733140bc3788758ee6c3b5b78c22df116e19c32ceb061de425b3f201e7e474eb4f7067822248097b
  languageName: node
  linkType: hard

"@rails/activestorage@npm:>= 8.0.0-alpha":
  version: 8.0.200
  resolution: "@rails/activestorage@npm:8.0.200"
  dependencies:
    spark-md5: "npm:^3.0.1"
  checksum: 10c0/c5acd3f8affc9a85bd25bcee29573109063b5b7787a21a768e7e8482d40d8593a69b4cae948ade31ad5fb15bbda5c8d3073152efe629c9d4b31dd3e8c74b1a55
  languageName: node
  linkType: hard

"@types/trusted-types@npm:^2.0.7":
  version: 2.0.7
  resolution: "@types/trusted-types@npm:2.0.7"
  checksum: 10c0/4c4855f10de7c6c135e0d32ce462419d8abbbc33713b31d294596c0cc34ae1fa6112a2f9da729c8f7a20707782b0d69da3b1f8df6645b0366d08825ca1522e0c
  languageName: node
  linkType: hard

"daisyui@npm:^5.0.0":
  version: 5.0.46
  resolution: "daisyui@npm:5.0.46"
  checksum: 10c0/90531631b79e261b24cf8e275e87aeabbb594b890fa68b5c0bac18c78ea88e46735e30a7991d98b445cdc38e1e81f019cf1b031308ce8bec01b1285d59e902b5
  languageName: node
  linkType: hard

"dompurify@npm:^3.2.5":
  version: 3.2.6
  resolution: "dompurify@npm:3.2.6"
  dependencies:
    "@types/trusted-types": "npm:^2.0.7"
  dependenciesMeta:
    "@types/trusted-types":
      optional: true
  checksum: 10c0/c8f8e5b0879a0d93c84a2e5e78649a47d0c057ed0f7850ca3d573d2cca64b84fb1ff85bd4b20980ade69c4e5b80ae73011340f1c2ff375c7ef98bb8268e1d13a
  languageName: node
  linkType: hard

"root-workspace-0b6124@workspace:.":
  version: 0.0.0-use.local
  resolution: "root-workspace-0b6124@workspace:."
  dependencies:
    "@rails/actiontext": "npm:^8.0.200"
    daisyui: "npm:^5.0.0"
    trix: "npm:^2.1.15"
  languageName: unknown
  linkType: soft

"spark-md5@npm:^3.0.1":
  version: 3.0.2
  resolution: "spark-md5@npm:3.0.2"
  checksum: 10c0/3fd11735eac5e7d60d6006d99ac0a055f148a89e9baf5f0b51ac103022dec30556b44190b37f6737ca50f81e8e50dc13e724f9edf6290c412ff5ab2101ce7780
  languageName: node
  linkType: hard

"trix@npm:^2.1.15":
  version: 2.1.15
  resolution: "trix@npm:2.1.15"
  dependencies:
    dompurify: "npm:^3.2.5"
  checksum: 10c0/fb1b53d03e13d007a21c7417bbc994b24073a48d51b94bee679f8bb748b2e2cf9469372b3292d40f27bf502a88ab27d43a0c3c08928b708f65741c1f9eca7c77
  languageName: node
  linkType: hard
